
Microsoft Visual Studio Solution File, Format Version 12.00
# Visual Studio Version 17
VisualStudioVersion = 17.12.35527.113 d17.12
MinimumVisualStudioVersion = 10.0.40219.1
Project("{FAE04EC0-301F-11D3-BF4B-00C04F79EFBC}") = "Payment.Api", "Payment.Api\Payment.Api.csproj", "{66ABA94A-A2B7-4B08-AC76-2E0D93B62765}"
EndProject
Project("{FAE04EC0-301F-11D3-BF4B-00C04F79EFBC}") = "Payment.Worker", "Payment.Worker\Payment.Worker.csproj", "{35E0899D-D739-4479-9385-23DD4B25A522}"
EndProject
Global
	GlobalSection(SolutionConfigurationPlatforms) = preSolution
		Debug|Any CPU = Debug|Any CPU
		Release|Any CPU = Release|Any CPU
	EndGlobalSection
	GlobalSection(ProjectConfigurationPlatforms) = postSolution
		{66ABA94A-A2B7-4B08-AC76-2E0D93B62765}.Debug|Any CPU.ActiveCfg = Debug|Any CPU
		{66ABA94A-A2B7-4B08-AC76-2E0D93B62765}.Debug|Any CPU.Build.0 = Debug|Any CPU
		{66ABA94A-A2B7-4B08-AC76-2E0D93B62765}.Release|Any CPU.ActiveCfg = Release|Any CPU
		{66ABA94A-A2B7-4B08-AC76-2E0D93B62765}.Release|Any CPU.Build.0 = Release|Any CPU
		{35E0899D-D739-4479-9385-23DD4B25A522}.Debug|Any CPU.ActiveCfg = Debug|Any CPU
		{35E0899D-D739-4479-9385-23DD4B25A522}.Debug|Any CPU.Build.0 = Debug|Any CPU
		{35E0899D-D739-4479-9385-23DD4B25A522}.Release|Any CPU.ActiveCfg = Release|Any CPU
		{35E0899D-D739-4479-9385-23DD4B25A522}.Release|Any CPU.Build.0 = Release|Any CPU
	EndGlobalSection
	GlobalSection(SolutionProperties) = preSolution
		HideSolutionNode = FALSE
	EndGlobalSection
EndGlobal
